// !$*UTF8*$!
{
	archiveVersion = 1;
	classes = {
	};
	objectVersion = 56;
	objects = {

/* Begin PBXBuildFile section */
		3172BC8F2AB0AFC800DE1026 /* XtraDarkAndLightModeTests.swift in Sources */ = {isa = PBXBuildFile; fileRef = 3172BC8E2AB0AFC800DE1026 /* XtraDarkAndLightModeTests.swift */; };
		31AD30332A94F94600164A5E /* AppDelegate.swift in Sources */ = {isa = PBXBuildFile; fileRef = 31AD30322A94F94600164A5E /* AppDelegate.swift */; };
		31AD30352A94F94600164A5E /* SceneDelegate.swift in Sources */ = {isa = PBXBuildFile; fileRef = 31AD30342A94F94600164A5E /* SceneDelegate.swift */; };
		31AD30372A94F94600164A5E /* ViewController.swift in Sources */ = {isa = PBXBuildFile; fileRef = 31AD30362A94F94600164A5E /* ViewController.swift */; };
		31AD303A2A94F94600164A5E /* Main.storyboard in Resources */ = {isa = PBXBuildFile; fileRef = 31AD30382A94F94600164A5E /* Main.storyboard */; };
		31AD303C2A94F94800164A5E /* Assets.xcassets in Resources */ = {isa = PBXBuildFile; fileRef = 31AD303B2A94F94800164A5E /* Assets.xcassets */; };
		31AD303F2A94F94800164A5E /* LaunchScreen.storyboard in Resources */ = {isa = PBXBuildFile; fileRef = 31AD303D2A94F94800164A5E /* LaunchScreen.storyboard */; };
		31AD304A2A94F94800164A5E /* DarkAndLightModeTests.swift in Sources */ = {isa = PBXBuildFile; fileRef = 31AD30492A94F94800164A5E /* DarkAndLightModeTests.swift */; };
		31AD30542A94F94800164A5E /* DarkAndLightModeUITests.swift in Sources */ = {isa = PBXBuildFile; fileRef = 31AD30532A94F94800164A5E /* DarkAndLightModeUITests.swift */; };
		31AD30562A94F94800164A5E /* DarkAndLightModeUITestsLaunchTests.swift in Sources */ = {isa = PBXBuildFile; fileRef = 31AD30552A94F94800164A5E /* DarkAndLightModeUITestsLaunchTests.swift */; };
/* End PBXBuildFile section */

/* Begin PBXContainerItemProxy section */
		3172BC902AB0AFC800DE1026 /* PBXContainerItemProxy */ = {
			isa = PBXContainerItemProxy;
			containerPortal = 31AD30272A94F94600164A5E /* Project object */;
			proxyType = 1;
			remoteGlobalIDString = 31AD302E2A94F94600164A5E;
			remoteInfo = DarkAndLightMode;
		};
		31AD30462A94F94800164A5E /* PBXContainerItemProxy */ = {
			isa = PBXContainerItemProxy;
			containerPortal = 31AD30272A94F94600164A5E /* Project object */;
			proxyType = 1;
			remoteGlobalIDString = 31AD302E2A94F94600164A5E;
			remoteInfo = DarkAndLightMode;
		};
		31AD30502A94F94800164A5E /* PBXContainerItemProxy */ = {
			isa = PBXContainerItemProxy;
			containerPortal = 31AD30272A94F94600164A5E /* Project object */;
			proxyType = 1;
			remoteGlobalIDString = 31AD302E2A94F94600164A5E;
			remoteInfo = DarkAndLightMode;
		};
/* End PBXContainerItemProxy section */

/* Begin PBXFileReference section */
		3172BC8C2AB0AFC800DE1026 /* XtraDarkAndLightModeTests.xctest */ = {isa = PBXFileReference; explicitFileType = wrapper.cfbundle; includeInIndex = 0; path = XtraDarkAndLightModeTests.xctest; sourceTree = BUILT_PRODUCTS_DIR; };
		3172BC8E2AB0AFC800DE1026 /* XtraDarkAndLightModeTests.swift */ = {isa = PBXFileReference; lastKnownFileType = sourcecode.swift; path = XtraDarkAndLightModeTests.swift; sourceTree = "<group>"; };
		31AD302F2A94F94600164A5E /* DarkAndLightMode.app */ = {isa = PBXFileReference; explicitFileType = wrapper.application; includeInIndex = 0; path = DarkAndLightMode.app; sourceTree = BUILT_PRODUCTS_DIR; };
		31AD30322A94F94600164A5E /* AppDelegate.swift */ = {isa = PBXFileReference; lastKnownFileType = sourcecode.swift; path = AppDelegate.swift; sourceTree = "<group>"; };
		31AD30342A94F94600164A5E /* SceneDelegate.swift */ = {isa = PBXFileReference; lastKnownFileType = sourcecode.swift; path = SceneDelegate.swift; sourceTree = "<group>"; };
		31AD30362A94F94600164A5E /* ViewController.swift */ = {isa = PBXFileReference; lastKnownFileType = sourcecode.swift; path = ViewController.swift; sourceTree = "<group>"; };
		31AD30392A94F94600164A5E /* Base */ = {isa = PBXFileReference; lastKnownFileType = file.storyboard; name = Base; path = Base.lproj/Main.storyboard; sourceTree = "<group>"; };
		31AD303B2A94F94800164A5E /* Assets.xcassets */ = {isa = PBXFileReference; lastKnownFileType = folder.assetcatalog; path = Assets.xcassets; sourceTree = "<group>"; };
		31AD303E2A94F94800164A5E /* Base */ = {isa = PBXFileReference; lastKnownFileType = file.storyboard; name = Base; path = Base.lproj/LaunchScreen.storyboard; sourceTree = "<group>"; };
		31AD30402A94F94800164A5E /* Info.plist */ = {isa = PBXFileReference; lastKnownFileType = text.plist.xml; path = Info.plist; sourceTree = "<group>"; };
		31AD30452A94F94800164A5E /* DarkAndLightModeTests.xctest */ = {isa = PBXFileReference; explicitFileType = wrapper.cfbundle; includeInIndex = 0; path = DarkAndLightModeTests.xctest; sourceTree = BUILT_PRODUCTS_DIR; };
		31AD30492A94F94800164A5E /* DarkAndLightModeTests.swift */ = {isa = PBXFileReference; lastKnownFileType = sourcecode.swift; path = DarkAndLightModeTests.swift; sourceTree = "<group>"; };
		31AD304F2A94F94800164A5E /* DarkAndLightModeUITests.xctest */ = {isa = PBXFileReference; explicitFileType = wrapper.cfbundle; includeInIndex = 0; path = DarkAndLightModeUITests.xctest; sourceTree = BUILT_PRODUCTS_DIR; };
		31AD30532A94F94800164A5E /* DarkAndLightModeUITests.swift */ = {isa = PBXFileReference; lastKnownFileType = sourcecode.swift; path = DarkAndLightModeUITests.swift; sourceTree = "<group>"; };
		31AD30552A94F94800164A5E /* DarkAndLightModeUITestsLaunchTests.swift */ = {isa = PBXFileReference; lastKnownFileType = sourcecode.swift; path = DarkAndLightModeUITestsLaunchTests.swift; sourceTree = "<group>"; };
/* End PBXFileReference section */

/* Begin PBXFrameworksBuildPhase section */
		3172BC892AB0AFC800DE1026 /* Frameworks */ = {
			isa = PBXFrameworksBuildPhase;
			buildActionMask = 2147483647;
			files = (
			);
			runOnlyForDeploymentPostprocessing = 0;
		};
		31AD302C2A94F94600164A5E /* Frameworks */ = {
			isa = PBXFrameworksBuildPhase;
			buildActionMask = 2147483647;
			files = (
			);
			runOnlyForDeploymentPostprocessing = 0;
		};
		31AD30422A94F94800164A5E /* Frameworks */ = {
			isa = PBXFrameworksBuildPhase;
			buildActionMask = 2147483647;
			files = (
			);
			runOnlyForDeploymentPostprocessing = 0;
		};
		31AD304C2A94F94800164A5E /* Frameworks */ = {
			isa = PBXFrameworksBuildPhase;
			buildActionMask = 2147483647;
			files = (
			);
			runOnlyForDeploymentPostprocessing = 0;
		};
/* End PBXFrameworksBuildPhase section */

/* Begin PBXGroup section */
		3172BC8D2AB0AFC800DE1026 /* XtraDarkAndLightModeTests */ = {
			isa = PBXGroup;
			children = (
				3172BC8E2AB0AFC800DE1026 /* XtraDarkAndLightModeTests.swift */,
			);
			path = XtraDarkAndLightModeTests;
			sourceTree = "<group>";
		};
		31AD30262A94F94600164A5E = {
			isa = PBXGroup;
			children = (
				31AD30312A94F94600164A5E /* DarkAndLightMode */,
				31AD30482A94F94800164A5E /* DarkAndLightModeTests */,
				31AD30522A94F94800164A5E /* DarkAndLightModeUITests */,
				3172BC8D2AB0AFC800DE1026 /* XtraDarkAndLightModeTests */,
				31AD30302A94F94600164A5E /* Products */,
			);
			sourceTree = "<group>";
		};
		31AD30302A94F94600164A5E /* Products */ = {
			isa = PBXGroup;
			children = (
				31AD302F2A94F94600164A5E /* DarkAndLightMode.app */,
				31AD30452A94F94800164A5E /* DarkAndLightModeTests.xctest */,
				31AD304F2A94F94800164A5E /* DarkAndLightModeUITests.xctest */,
				3172BC8C2AB0AFC800DE1026 /* XtraDarkAndLightModeTests.xctest */,
			);
			name = Products;
			sourceTree = "<group>";
		};
		31AD30312A94F94600164A5E /* DarkAndLightMode */ = {
			isa = PBXGroup;
			children = (
				31AD30322A94F94600164A5E /* AppDelegate.swift */,
				31AD30342A94F94600164A5E /* SceneDelegate.swift */,
				31AD30362A94F94600164A5E /* ViewController.swift */,
				31AD30382A94F94600164A5E /* Main.storyboard */,
				31AD303B2A94F94800164A5E /* Assets.xcassets */,
				31AD303D2A94F94800164A5E /* LaunchScreen.storyboard */,
				31AD30402A94F94800164A5E /* Info.plist */,
			);
			path = DarkAndLightMode;
			sourceTree = "<group>";
		};
		31AD30482A94F94800164A5E /* DarkAndLightModeTests */ = {
			isa = PBXGroup;
			children = (
				31AD30492A94F94800164A5E /* DarkAndLightModeTests.swift */,
			);
			path = DarkAndLightModeTests;
			sourceTree = "<group>";
		};
		31AD30522A94F94800164A5E /* DarkAndLightModeUITests */ = {
			isa = PBXGroup;
			children = (
				31AD30532A94F94800164A5E /* DarkAndLightModeUITests.swift */,
				31AD30552A94F94800164A5E /* DarkAndLightModeUITestsLaunchTests.swift */,
			);
			path = DarkAndLightModeUITests;
			sourceTree = "<group>";
		};
/* End PBXGroup section */

/* Begin PBXNativeTarget section */
		3172BC8B2AB0AFC800DE1026 /* XtraDarkAndLightModeTests */ = {
			isa = PBXNativeTarget;
			buildConfigurationList = 3172BC942AB0AFC800DE1026 /* Build configuration list for PBXNativeTarget "XtraDarkAndLightModeTests" */;
			buildPhases = (
				3172BC882AB0AFC800DE1026 /* Sources */,
				3172BC892AB0AFC800DE1026 /* Frameworks */,
				3172BC8A2AB0AFC800DE1026 /* Resources */,
			);
			buildRules = (
			);
			dependencies = (
				3172BC912AB0AFC800DE1026 /* PBXTargetDependency */,
			);
			name = XtraDarkAndLightModeTests;
			productName = XtraDarkAndLightModeTests;
			productReference = 3172BC8C2AB0AFC800DE1026 /* XtraDarkAndLightModeTests.xctest */;
			productType = "com.apple.product-type.bundle.unit-test";
		};
		31AD302E2A94F94600164A5E /* DarkAndLightMode */ = {
			isa = PBXNativeTarget;
			buildConfigurationList = 31AD30592A94F94800164A5E /* Build configuration list for PBXNativeTarget "DarkAndLightMode" */;
			buildPhases = (
				31AD302B2A94F94600164A5E /* Sources */,
				31AD302C2A94F94600164A5E /* Frameworks */,
				31AD302D2A94F94600164A5E /* Resources */,
			);
			buildRules = (
			);
			dependencies = (
			);
			name = DarkAndLightMode;
			productName = DarkAndLightMode;
			productReference = 31AD302F2A94F94600164A5E /* DarkAndLightMode.app */;
			productType = "com.apple.product-type.application";
		};
		31AD30442A94F94800164A5E /* DarkAndLightModeTests */ = {
			isa = PBXNativeTarget;
			buildConfigurationList = 31AD305C2A94F94800164A5E /* Build configuration list for PBXNativeTarget "DarkAndLightModeTests" */;
			buildPhases = (
				31AD30412A94F94800164A5E /* Sources */,
				31AD30422A94F94800164A5E /* Frameworks */,
				31AD30432A94F94800164A5E /* Resources */,
			);
			buildRules = (
			);
			dependencies = (
				31AD30472A94F94800164A5E /* PBXTargetDependency */,
			);
			name = DarkAndLightModeTests;
			productName = DarkAndLightModeTests;
			productReference = 31AD30452A94F94800164A5E /* DarkAndLightModeTests.xctest */;
			productType = "com.apple.product-type.bundle.unit-test";
		};
		31AD304E2A94F94800164A5E /* DarkAndLightModeUITests */ = {
			isa = PBXNativeTarget;
			buildConfigurationList = 31AD305F2A94F94800164A5E /* Build configuration list for PBXNativeTarget "DarkAndLightModeUITests" */;
			buildPhases = (
				31AD304B2A94F94800164A5E /* Sources */,
				31AD304C2A94F94800164A5E /* Frameworks */,
				31AD304D2A94F94800164A5E /* Resources */,
			);
			buildRules = (
			);
			dependencies = (
				31AD30512A94F94800164A5E /* PBXTargetDependency */,
			);
			name = DarkAndLightModeUITests;
			productName = DarkAndLightModeUITests;
			productReference = 31AD304F2A94F94800164A5E /* DarkAndLightModeUITests.xctest */;
			productType = "com.apple.product-type.bundle.ui-testing";
		};
/* End PBXNativeTarget section */

/* Begin PBXProject section */
		31AD30272A94F94600164A5E /* Project object */ = {
			isa = PBXProject;
			attributes = {
				BuildIndependentTargetsInParallel = 1;
				LastSwiftUpdateCheck = 1420;
				LastUpgradeCheck = 1420;
				TargetAttributes = {
					3172BC8B2AB0AFC800DE1026 = {
						CreatedOnToolsVersion = 14.2;
						TestTargetID = 31AD302E2A94F94600164A5E;
					};
					31AD302E2A94F94600164A5E = {
						CreatedOnToolsVersion = 14.2;
					};
					31AD30442A94F94800164A5E = {
						CreatedOnToolsVersion = 14.2;
						TestTargetID = 31AD302E2A94F94600164A5E;
					};
					31AD304E2A94F94800164A5E = {
						CreatedOnToolsVersion = 14.2;
						TestTargetID = 31AD302E2A94F94600164A5E;
					};
				};
			};
			buildConfigurationList = 31AD302A2A94F94600164A5E /* Build configuration list for PBXProject "DarkAndLightMode" */;
			compatibilityVersion = "Xcode 14.0";
			developmentRegion = en;
			hasScannedForEncodings = 0;
			knownRegions = (
				en,
				Base,
			);
			mainGroup = 31AD30262A94F94600164A5E;
			productRefGroup = 31AD30302A94F94600164A5E /* Products */;
			projectDirPath = "";
			projectRoot = "";
			targets = (
				31AD302E2A94F94600164A5E /* DarkAndLightMode */,
				31AD30442A94F94800164A5E /* DarkAndLightModeTests */,
				31AD304E2A94F94800164A5E /* DarkAndLightModeUITests */,
				3172BC8B2AB0AFC800DE1026 /* XtraDarkAndLightModeTests */,
			);
		};
/* End PBXProject section */

/* Begin PBXResourcesBuildPhase section */
		3172BC8A2AB0AFC800DE1026 /* Resources */ = {
			isa = PBXResourcesBuildPhase;
			buildActionMask = 2147483647;
			files = (
			);
			runOnlyForDeploymentPostprocessing = 0;
		};
		31AD302D2A94F94600164A5E /* Resources */ = {
			isa = PBXResourcesBuildPhase;
			buildActionMask = 2147483647;
			files = (
				31AD303F2A94F94800164A5E /* LaunchScreen.storyboard in Resources */,
				31AD303C2A94F94800164A5E /* Assets.xcassets in Resources */,
				31AD303A2A94F94600164A5E /* Main.storyboard in Resources */,
			);
			runOnlyForDeploymentPostprocessing = 0;
		};
		31AD30432A94F94800164A5E /* Resources */ = {
			isa = PBXResourcesBuildPhase;
			buildActionMask = 2147483647;
			files = (
			);
			runOnlyForDeploymentPostprocessing = 0;
		};
		31AD304D2A94F94800164A5E /* Resources */ = {
			isa = PBXResourcesBuildPhase;
			buildActionMask = 2147483647;
			files = (
			);
			runOnlyForDeploymentPostprocessing = 0;
		};
/* End PBXResourcesBuildPhase section */

/* Begin PBXSourcesBuildPhase section */
		3172BC882AB0AFC800DE1026 /* Sources */ = {
			isa = PBXSourcesBuildPhase;
			buildActionMask = 2147483647;
			files = (
				3172BC8F2AB0AFC800DE1026 /* XtraDarkAndLightModeTests.swift in Sources */,
			);
			runOnlyForDeploymentPostprocessing = 0;
		};
		31AD302B2A94F94600164A5E /* Sources */ = {
			isa = PBXSourcesBuildPhase;
			buildActionMask = 2147483647;
			files = (
				31AD30372A94F94600164A5E /* ViewController.swift in Sources */,
				31AD30332A94F94600164A5E /* AppDelegate.swift in Sources */,
				31AD30352A94F94600164A5E /* SceneDelegate.swift in Sources */,
			);
			runOnlyForDeploymentPostprocessing = 0;
		};
		31AD30412A94F94800164A5E /* Sources */ = {
			isa = PBXSourcesBuildPhase;
			buildActionMask = 2147483647;
			files = (
				31AD304A2A94F94800164A5E /* DarkAndLightModeTests.swift in Sources */,
			);
			runOnlyForDeploymentPostprocessing = 0;
		};
		31AD304B2A94F94800164A5E /* Sources */ = {
			isa = PBXSourcesBuildPhase;
			buildActionMask = 2147483647;
			files = (
				31AD30562A94F94800164A5E /* DarkAndLightModeUITestsLaunchTests.swift in Sources */,
				31AD30542A94F94800164A5E /* DarkAndLightModeUITests.swift in Sources */,
			);
			runOnlyForDeploymentPostprocessing = 0;
		};
/* End PBXSourcesBuildPhase section */

/* Begin PBXTargetDependency section */
		3172BC912AB0AFC800DE1026 /* PBXTargetDependency */ = {
			isa = PBXTargetDependency;
			target = 31AD302E2A94F94600164A5E /* DarkAndLightMode */;
			targetProxy = 3172BC902AB0AFC800DE1026 /* PBXContainerItemProxy */;
		};
		31AD30472A94F94800164A5E /* PBXTargetDependency */ = {
			isa = PBXTargetDependency;
			target = 31AD302E2A94F94600164A5E /* DarkAndLightMode */;
			targetProxy = 31AD30462A94F94800164A5E /* PBXContainerItemProxy */;
		};
		31AD30512A94F94800164A5E /* PBXTargetDependency */ = {
			isa = PBXTargetDependency;
			target = 31AD302E2A94F94600164A5E /* DarkAndLightMode */;
			targetProxy = 31AD30502A94F94800164A5E /* PBXContainerItemProxy */;
		};
/* End PBXTargetDependency section */

/* Begin PBXVariantGroup section */
		31AD30382A94F94600164A5E /* Main.storyboard */ = {
			isa = PBXVariantGroup;
			children = (
				31AD30392A94F94600164A5E /* Base */,
			);
			name = Main.storyboard;
			sourceTree = "<group>";
		};
		31AD303D2A94F94800164A5E /* LaunchScreen.storyboard */ = {
			isa = PBXVariantGroup;
			children = (
				31AD303E2A94F94800164A5E /* Base */,
			);
			name = LaunchScreen.storyboard;
			sourceTree = "<group>";
		};
/* End PBXVariantGroup section */

/* Begin XCBuildConfiguration section */
		3172BC922AB0AFC800DE1026 /* Debug */ = {
			isa = XCBuildConfiguration;
			buildSettings = {
				BUNDLE_LOADER = "$(TEST_HOST)";
				CODE_SIGN_STYLE = Automatic;
				CURRENT_PROJECT_VERSION = 1;
				DEVELOPMENT_TEAM = KUN9FDAF5L;
				GENERATE_INFOPLIST_FILE = YES;
				MARKETING_VERSION = 1.0;
				PRODUCT_BUNDLE_IDENTIFIER = com.iszabi.XtraDarkAndLightModeTests;
				PRODUCT_NAME = "$(TARGET_NAME)";
				SWIFT_EMIT_LOC_STRINGS = NO;
				SWIFT_VERSION = 5.0;
				TARGETED_DEVICE_FAMILY = "1,2";
				TEST_HOST = "$(BUILT_PRODUCTS_DIR)/DarkAndLightMode.app/$(BUNDLE_EXECUTABLE_FOLDER_PATH)/DarkAndLightMode";
			};
			name = Debug;
		};
		3172BC932AB0AFC800DE1026 /* Release */ = {
			isa = XCBuildConfiguration;
			buildSettings = {
				BUNDLE_LOADER = "$(TEST_HOST)";
				CODE_SIGN_STYLE = Automatic;
				CURRENT_PROJECT_VERSION = 1;
				DEVELOPMENT_TEAM = KUN9FDAF5L;
				GENERATE_INFOPLIST_FILE = YES;
				MARKETING_VERSION = 1.0;
				PRODUCT_BUNDLE_IDENTIFIER = com.iszabi.XtraDarkAndLightModeTests;
				PRODUCT_NAME = "$(TARGET_NAME)";
				SWIFT_EMIT_LOC_STRINGS = NO;
				SWIFT_VERSION = 5.0;
				TARGETED_DEVICE_FAMILY = "1,2";
				TEST_HOST = "$(BUILT_PRODUCTS_DIR)/DarkAndLightMode.app/$(BUNDLE_EXECUTABLE_FOLDER_PATH)/DarkAndLightMode";
			};
			name = Release;
		};
		31AD30572A94F94800164A5E /* Debug */ = {
			isa = XCBuildConfiguration;
			buildSettings = {
				ALWAYS_SEARCH_USER_PATHS = NO;
				CLANG_ANALYZER_NONNULL = YES;
				CLANG_ANALYZER_NUMBER_OBJECT_CONVERSION = YES_AGGRESSIVE;
				CLANG_CXX_LANGUAGE_STANDARD = "gnu++20";
				CLANG_ENABLE_MODULES = YES;
				CLANG_ENABLE_OBJC_ARC = YES;
				CLANG_ENABLE_OBJC_WEAK = YES;
				CLANG_WARN_BLOCK_CAPTURE_AUTORELEASING = YES;
				CLANG_WARN_BOOL_CONVERSION = YES;
				CLANG_WARN_COMMA = YES;
				CLANG_WARN_CONSTANT_CONVERSION = YES;
				CLANG_WARN_DEPRECATED_OBJC_IMPLEMENTATIONS = YES;
				CLANG_WARN_DIRECT_OBJC_ISA_USAGE = YES_ERROR;
				CLANG_WARN_DOCUMENTATION_COMMENTS = YES;
				CLANG_WARN_EMPTY_BODY = YES;
				CLANG_WARN_ENUM_CONVERSION = YES;
				CLANG_WARN_INFINITE_RECURSION = YES;
				CLANG_WARN_INT_CONVERSION = YES;
				CLANG_WARN_NON_LITERAL_NULL_CONVERSION = YES;
				CLANG_WARN_OBJC_IMPLICIT_RETAIN_SELF = YES;
				CLANG_WARN_OBJC_LITERAL_CONVERSION = YES;
				CLANG_WARN_OBJC_ROOT_CLASS = YES_ERROR;
				CLANG_WARN_QUOTED_INCLUDE_IN_FRAMEWORK_HEADER = YES;
				CLANG_WARN_RANGE_LOOP_ANALYSIS = YES;
				CLANG_WARN_STRICT_PROTOTYPES = YES;
				CLANG_WARN_SUSPICIOUS_MOVE = YES;
				CLANG_WARN_UNGUARDED_AVAILABILITY = YES_AGGRESSIVE;
				CLANG_WARN_UNREACHABLE_CODE = YES;
				CLANG_WARN__DUPLICATE_METHOD_MATCH = YES;
				COPY_PHASE_STRIP = NO;
				DEBUG_INFORMATION_FORMAT = dwarf;
				ENABLE_STRICT_OBJC_MSGSEND = YES;
				ENABLE_TESTABILITY = YES;
				GCC_C_LANGUAGE_STANDARD = gnu11;
				GCC_DYNAMIC_NO_PIC = NO;
				GCC_NO_COMMON_BLOCKS = YES;
				GCC_OPTIMIZATION_LEVEL = 0;
				GCC_PREPROCESSOR_DEFINITIONS = (
					"DEBUG=1",
					"$(inherited)",
				);
				GCC_WARN_64_TO_32_BIT_CONVERSION = YES;
				GCC_WARN_ABOUT_RETURN_TYPE = YES_ERROR;
				GCC_WARN_UNDECLARED_SELECTOR = YES;
				GCC_WARN_UNINITIALIZED_AUTOS = YES_AGGRESSIVE;
				GCC_WARN_UNUSED_FUNCTION = YES;
				GCC_WARN_UNUSED_VARIABLE = YES;
				IPHONEOS_DEPLOYMENT_TARGET = 16.2;
				MTL_ENABLE_DEBUG_INFO = INCLUDE_SOURCE;
				MTL_FAST_MATH = YES;
				ONLY_ACTIVE_ARCH = YES;
				SDKROOT = iphoneos;
				SWIFT_ACTIVE_COMPILATION_CONDITIONS = DEBUG;
				SWIFT_OPTIMIZATION_LEVEL = "-Onone";
			};
			name = Debug;
		};
		31AD30582A94F94800164A5E /* Release */ = {
			isa = XCBuildConfiguration;
			buildSettings = {
				ALWAYS_SEARCH_USER_PATHS = NO;
				CLANG_ANALYZER_NONNULL = YES;
				CLANG_ANALYZER_NUMBER_OBJECT_CONVERSION = YES_AGGRESSIVE;
				CLANG_CXX_LANGUAGE_STANDARD = "gnu++20";
				CLANG_ENABLE_MODULES = YES;
				CLANG_ENABLE_OBJC_ARC = YES;
				CLANG_ENABLE_OBJC_WEAK = YES;
				CLANG_WARN_BLOCK_CAPTURE_AUTORELEASING = YES;
				CLANG_WARN_BOOL_CONVERSION = YES;
				CLANG_WARN_COMMA = YES;
				CLANG_WARN_CONSTANT_CONVERSION = YES;
				CLANG_WARN_DEPRECATED_OBJC_IMPLEMENTATIONS = YES;
				CLANG_WARN_DIRECT_OBJC_ISA_USAGE = YES_ERROR;
				CLANG_WARN_DOCUMENTATION_COMMENTS = YES;
				CLANG_WARN_EMPTY_BODY = YES;
				CLANG_WARN_ENUM_CONVERSION = YES;
				CLANG_WARN_INFINITE_RECURSION = YES;
				CLANG_WARN_INT_CONVERSION = YES;
				CLANG_WARN_NON_LITERAL_NULL_CONVERSION = YES;
				CLANG_WARN_OBJC_IMPLICIT_RETAIN_SELF = YES;
				CLANG_WARN_OBJC_LITERAL_CONVERSION = YES;
				CLANG_WARN_OBJC_ROOT_CLASS = YES_ERROR;
				CLANG_WARN_QUOTED_INCLUDE_IN_FRAMEWORK_HEADER = YES;
				CLANG_WARN_RANGE_LOOP_ANALYSIS = YES;
				CLANG_WARN_STRICT_PROTOTYPES = YES;
				CLANG_WARN_SUSPICIOUS_MOVE = YES;
				CLANG_WARN_UNGUARDED_AVAILABILITY = YES_AGGRESSIVE;
				CLANG_WARN_UNREACHABLE_CODE = YES;
				CLANG_WARN__DUPLICATE_METHOD_MATCH = YES;
				COPY_PHASE_STRIP = NO;
				DEBUG_INFORMATION_FORMAT = "dwarf-with-dsym";
				ENABLE_NS_ASSERTIONS = NO;
				ENABLE_STRICT_OBJC_MSGSEND = YES;
				GCC_C_LANGUAGE_STANDARD = gnu11;
				GCC_NO_COMMON_BLOCKS = YES;
				GCC_WARN_64_TO_32_BIT_CONVERSION = YES;
				GCC_WARN_ABOUT_RETURN_TYPE = YES_ERROR;
				GCC_WARN_UNDECLARED_SELECTOR = YES;
				GCC_WARN_UNINITIALIZED_AUTOS = YES_AGGRESSIVE;
				GCC_WARN_UNUSED_FUNCTION = YES;
				GCC_WARN_UNUSED_VARIABLE = YES;
				IPHONEOS_DEPLOYMENT_TARGET = 16.2;
				MTL_ENABLE_DEBUG_INFO = NO;
				MTL_FAST_MATH = YES;
				SDKROOT = iphoneos;
				SWIFT_COMPILATION_MODE = wholemodule;
				SWIFT_OPTIMIZATION_LEVEL = "-O";
				VALIDATE_PRODUCT = YES;
			};
			name = Release;
		};
		31AD305A2A94F94800164A5E /* Debug */ = {
			isa = XCBuildConfiguration;
			buildSettings = {
				ASSETCATALOG_COMPILER_APPICON_NAME = AppIcon;
				ASSETCATALOG_COMPILER_GLOBAL_ACCENT_COLOR_NAME = AccentColor;
				CODE_SIGN_STYLE = Automatic;
				CURRENT_PROJECT_VERSION = 1;
				DEVELOPMENT_TEAM = KUN9FDAF5L;
				GENERATE_INFOPLIST_FILE = YES;
				INFOPLIST_FILE = DarkAndLightMode/Info.plist;
				INFOPLIST_KEY_UIApplicationSupportsIndirectInputEvents = YES;
				INFOPLIST_KEY_UILaunchStoryboardName = LaunchScreen;
				INFOPLIST_KEY_UIMainStoryboardFile = Main;
				INFOPLIST_KEY_UISupportedInterfaceOrientations = "UIInterfaceOrientationLandscapeLeft UIInterfaceOrientationLandscapeRight UIInterfaceOrientationPortrait UIInterfaceOrientationPortraitUpsideDown";
				LD_RUNPATH_SEARCH_PATHS = (
					"$(inherited)",
					"@executable_path/Frameworks",
				);
				MARKETING_VERSION = 1.0;
				PRODUCT_BUNDLE_IDENTIFIER = com.iszabi.DarkAndLightMode;
				PRODUCT_NAME = "$(TARGET_NAME)";
				SWIFT_EMIT_LOC_STRINGS = YES;
				SWIFT_VERSION = 5.0;
				TARGETED_DEVICE_FAMILY = "1,2";
			};
			name = Debug;
		};
		31AD305B2A94F94800164A5E /* Release */ = {
			isa = XCBuildConfiguration;
			buildSettings = {
				ASSETCATALOG_COMPILER_APPICON_NAME = AppIcon;
				ASSETCATALOG_COMPILER_GLOBAL_ACCENT_COLOR_NAME = AccentColor;
				CODE_SIGN_STYLE = Automatic;
				CURRENT_PROJECT_VERSION = 1;
				DEVELOPMENT_TEAM = KUN9FDAF5L;
				GENERATE_INFOPLIST_FILE = YES;
				INFOPLIST_FILE = DarkAndLightMode/Info.plist;
				INFOPLIST_KEY_UIApplicationSupportsIndirectInputEvents = YES;
				INFOPLIST_KEY_UILaunchStoryboardName = LaunchScreen;
				INFOPLIST_KEY_UIMainStoryboardFile = Main;
				INFOPLIST_KEY_UISupportedInterfaceOrientations = "UIInterfaceOrientationLandscapeLeft UIInterfaceOrientationLandscapeRight UIInterfaceOrientationPortrait UIInterfaceOrientationPortraitUpsideDown";
				LD_RUNPATH_SEARCH_PATHS = (
					"$(inherited)",
					"@executable_path/Frameworks",
				);
				MARKETING_VERSION = 1.0;
				PRODUCT_BUNDLE_IDENTIFIER = com.iszabi.DarkAndLightMode;
				PRODUCT_NAME = "$(TARGET_NAME)";
				SWIFT_EMIT_LOC_STRINGS = YES;
				SWIFT_VERSION = 5.0;
				TARGETED_DEVICE_FAMILY = "1,2";
			};
			name = Release;
		};
		31AD305D2A94F94800164A5E /* Debug */ = {
			isa = XCBuildConfiguration;
			buildSettings = {
				ALWAYS_EMBED_SWIFT_STANDARD_LIBRARIES = YES;
				BUNDLE_LOADER = "$(TEST_HOST)";
				CODE_SIGN_STYLE = Automatic;
				CURRENT_PROJECT_VERSION = 1;
				DEVELOPMENT_TEAM = KUN9FDAF5L;
				GENERATE_INFOPLIST_FILE = YES;
				IPHONEOS_DEPLOYMENT_TARGET = 16.2;
				MARKETING_VERSION = 1.0;
				PRODUCT_BUNDLE_IDENTIFIER = com.iszabi.DarkAndLightModeTests;
				PRODUCT_NAME = "$(TARGET_NAME)";
				SWIFT_EMIT_LOC_STRINGS = NO;
				SWIFT_VERSION = 5.0;
				TARGETED_DEVICE_FAMILY = "1,2";
				TEST_HOST = "$(BUILT_PRODUCTS_DIR)/DarkAndLightMode.app/$(BUNDLE_EXECUTABLE_FOLDER_PATH)/DarkAndLightMode";
			};
			name = Debug;
		};
		31AD305E2A94F94800164A5E /* Release */ = {
			isa = XCBuildConfiguration;
			buildSettings = {
				ALWAYS_EMBED_SWIFT_STANDARD_LIBRARIES = YES;
				BUNDLE_LOADER = "$(TEST_HOST)";
				CODE_SIGN_STYLE = Automatic;
				CURRENT_PROJECT_VERSION = 1;
				DEVELOPMENT_TEAM = KUN9FDAF5L;
				GENERATE_INFOPLIST_FILE = YES;
				IPHONEOS_DEPLOYMENT_TARGET = 16.2;
				MARKETING_VERSION = 1.0;
				PRODUCT_BUNDLE_IDENTIFIER = com.iszabi.DarkAndLightModeTests;
				PRODUCT_NAME = "$(TARGET_NAME)";
				SWIFT_EMIT_LOC_STRINGS = NO;
				SWIFT_VERSION = 5.0;
				TARGETED_DEVICE_FAMILY = "1,2";
				TEST_HOST = "$(BUILT_PRODUCTS_DIR)/DarkAndLightMode.app/$(BUNDLE_EXECUTABLE_FOLDER_PATH)/DarkAndLightMode";
			};
			name = Release;
		};
		31AD30602A94F94800164A5E /* Debug */ = {
			isa = XCBuildConfiguration;
			buildSettings = {
				ALWAYS_EMBED_SWIFT_STANDARD_LIBRARIES = YES;
				CODE_SIGN_STYLE = Automatic;
				CURRENT_PROJECT_VERSION = 1;
				DEVELOPMENT_TEAM = KUN9FDAF5L;
				GENERATE_INFOPLIST_FILE = YES;
				MARKETING_VERSION = 1.0;
				PRODUCT_BUNDLE_IDENTIFIER = com.iszabi.DarkAndLightModeUITests;
				PRODUCT_NAME = "$(TARGET_NAME)";
				SWIFT_EMIT_LOC_STRINGS = NO;
				SWIFT_VERSION = 5.0;
				TARGETED_DEVICE_FAMILY = "1,2";
				TEST_TARGET_NAME = DarkAndLightMode;
			};
			name = Debug;
		};
		31AD30612A94F94800164A5E /* Release */ = {
			isa = XCBuildConfiguration;
			buildSettings = {
				ALWAYS_EMBED_SWIFT_STANDARD_LIBRARIES = YES;
				CODE_SIGN_STYLE = Automatic;
				CURRENT_PROJECT_VERSION = 1;
				DEVELOPMENT_TEAM = KUN9FDAF5L;
				GENERATE_INFOPLIST_FILE = YES;
				MARKETING_VERSION = 1.0;
				PRODUCT_BUNDLE_IDENTIFIER = com.iszabi.DarkAndLightModeUITests;
				PRODUCT_NAME = "$(TARGET_NAME)";
				SWIFT_EMIT_LOC_STRINGS = NO;
				SWIFT_VERSION = 5.0;
				TARGETED_DEVICE_FAMILY = "1,2";
				TEST_TARGET_NAME = DarkAndLightMode;
			};
			name = Release;
		};
/* End XCBuildConfiguration section */

/* Begin XCConfigurationList section */
		3172BC942AB0AFC800DE1026 /* Build configuration list for PBXNativeTarget "XtraDarkAndLightModeTests" */ = {
			isa = XCConfigurationList;
			buildConfigurations = (
				3172BC922AB0AFC800DE1026 /* Debug */,
				3172BC932AB0AFC800DE1026 /* Release */,
			);
			defaultConfigurationIsVisible = 0;
			defaultConfigurationName = Release;
		};
		31AD302A2A94F94600164A5E /* Build configuration list for PBXProject "DarkAndLightMode" */ = {
			isa = XCConfigurationList;
			buildConfigurations = (
				31AD30572A94F94800164A5E /* Debug */,
				31AD30582A94F94800164A5E /* Release */,
			);
			defaultConfigurationIsVisible = 0;
			defaultConfigurationName = Release;
		};
		31AD30592A94F94800164A5E /* Build configuration list for PBXNativeTarget "DarkAndLightMode" */ = {
			isa = XCConfigurationList;
			buildConfigurations = (
				31AD305A2A94F94800164A5E /* Debug */,
				31AD305B2A94F94800164A5E /* Release */,
			);
			defaultConfigurationIsVisible = 0;
			defaultConfigurationName = Release;
		};
		31AD305C2A94F94800164A5E /* Build configuration list for PBXNativeTarget "DarkAndLightModeTests" */ = {
			isa = XCConfigurationList;
			buildConfigurations = (
				31AD305D2A94F94800164A5E /* Debug */,
				31AD305E2A94F94800164A5E /* Release */,
			);
			defaultConfigurationIsVisible = 0;
			defaultConfigurationName = Release;
		};
		31AD305F2A94F94800164A5E /* Build configuration list for PBXNativeTarget "DarkAndLightModeUITests" */ = {
			isa = XCConfigurationList;
			buildConfigurations = (
				31AD30602A94F94800164A5E /* Debug */,
				31AD30612A94F94800164A5E /* Release */,
			);
			defaultConfigurationIsVisible = 0;
			defaultConfigurationName = Release;
		};
/* End XCConfigurationList section */
	};
	rootObject = 31AD30272A94F94600164A5E /* Project object */;
}
